
Microsoft Visual Studio Solution File, Format Version 12.00
# Visual Studio 14
VisualStudioVersion = 14.0.24720.0
MinimumVisualStudioVersion = 10.0.40219.1
Project("{FAE04EC0-301F-11D3-BF4B-00C04F79EFBC}") = "AzureKeyVaultStore", "AzureKeyVaultStore\AzureKeyVaultStore.csproj", "{A3B5E7E1-5FB5-4C62-9117-AC9D0942EEBD}"
EndProject
Project("{FAE04EC0-301F-11D3-BF4B-00C04F79EFBC}") = "AdmPwd.PDS.KeyStore", "AdmPwd.PDS.KeyStore\AdmPwd.PDS.KeyStore.csproj", "{B1E548DA-77C0-45E4-A693-B66304F0E2B9}"
EndProject
Project("{FAE04EC0-301F-11D3-BF4B-00C04F79EFBC}") = "TestApp", "TestApp\TestApp.csproj", "{C0D133CB-8DDD-4D1D-A311-A5AA09766D63}"
EndProject
Global
	GlobalSection(SolutionConfigurationPlatforms) = preSolution
		Debug|Any CPU = Debug|Any CPU
		Release|Any CPU = Release|Any CPU
	EndGlobalSection
	GlobalSection(ProjectConfigurationPlatforms) = postSolution
		{A3B5E7E1-5FB5-4C62-9117-AC9D0942EEBD}.Debug|Any CPU.ActiveCfg = Debug|Any CPU
		{A3B5E7E1-5FB5-4C62-9117-AC9D0942EEBD}.Debug|Any CPU.Build.0 = Debug|Any CPU
		{A3B5E7E1-5FB5-4C62-9117-AC9D0942EEBD}.Release|Any CPU.ActiveCfg = Release|Any CPU
		{A3B5E7E1-5FB5-4C62-9117-AC9D0942EEBD}.Release|Any CPU.Build.0 = Release|Any CPU
		{B1E548DA-77C0-45E4-A693-B66304F0E2B9}.Debug|Any CPU.ActiveCfg = Debug|Any CPU
		{B1E548DA-77C0-45E4-A693-B66304F0E2B9}.Debug|Any CPU.Build.0 = Debug|Any CPU
		{B1E548DA-77C0-45E4-A693-B66304F0E2B9}.Release|Any CPU.ActiveCfg = Release|Any CPU
		{B1E548DA-77C0-45E4-A693-B66304F0E2B9}.Release|Any CPU.Build.0 = Release|Any CPU
		{C0D133CB-8DDD-4D1D-A311-A5AA09766D63}.Debug|Any CPU.ActiveCfg = Debug|Any CPU
		{C0D133CB-8DDD-4D1D-A311-A5AA09766D63}.Debug|Any CPU.Build.0 = Debug|Any CPU
		{C0D133CB-8DDD-4D1D-A311-A5AA09766D63}.Release|Any CPU.ActiveCfg = Release|Any CPU
		{C0D133CB-8DDD-4D1D-A311-A5AA09766D63}.Release|Any CPU.Build.0 = Release|Any CPU
	EndGlobalSection
	GlobalSection(SolutionProperties) = preSolution
		HideSolutionNode = FALSE
	EndGlobalSection
EndGlobal
