
Microsoft Visual Studio Solution File, Format Version 12.00
# Visual Studio 15
VisualStudioVersion = 15.0.27130.2010
MinimumVisualStudioVersion = 10.0.40219.1
Project("{FAE04EC0-301F-11D3-BF4B-00C04F79EFBC}") = "ConsoleClient", "ConsoleClient\ConsoleClient.csproj", "{5CD22A7D-7B06-47DF-9561-A853BDFE9E92}"
EndProject
Project("{FAE04EC0-301F-11D3-BF4B-00C04F79EFBC}") = "WebUI", "WebUI\WebUI.csproj", "{BF7E84DB-9696-466A-92D0-CAE871D006E7}"
EndProject
Project("{2150E333-8FDC-42A3-9474-1A3956D46DE8}") = "Solution Items", "Solution Items", "{F5FAF745-BF98-4333-882D-86C7C2D73F0B}"
	ProjectSection(SolutionItems) = preProject
		SolutionItems\GlobalAssemblyInfo.cs = SolutionItems\GlobalAssemblyInfo.cs
	EndProjectSection
EndProject
Project("{8BC9CEB8-8B4A-11D0-8D11-00A0C91BC942}") = "RunAsAdmin_Cpp", "RunAsAdmin_Cpp\RunAsAdmin.vcxproj", "{12044681-AC74-498F-BC52-2B70DE7370C0}"
EndProject
Project("{FAE04EC0-301F-11D3-BF4B-00C04F79EFBC}") = "RunAsAdmin_Cs", "RunAsAdmin_Cs\RunAsAdmin_Cs.csproj", "{8B215A28-AFE8-49DF-B730-78279BF325A2}"
EndProject
Project("{FAE04EC0-301F-11D3-BF4B-00C04F79EFBC}") = "RDPClient", "RDPClient\RDPClient.csproj", "{3F4D8B29-3DA3-4CD4-9E55-DA3B91B4A2D1}"
EndProject
Global
	GlobalSection(SolutionConfigurationPlatforms) = preSolution
		Debug|Any CPU = Debug|Any CPU
		Debug|x64 = Debug|x64
		Debug|x86 = Debug|x86
		Release|Any CPU = Release|Any CPU
		Release|x64 = Release|x64
		Release|x86 = Release|x86
	EndGlobalSection
	GlobalSection(ProjectConfigurationPlatforms) = postSolution
		{5CD22A7D-7B06-47DF-9561-A853BDFE9E92}.Debug|Any CPU.ActiveCfg = Debug|Any CPU
		{5CD22A7D-7B06-47DF-9561-A853BDFE9E92}.Debug|Any CPU.Build.0 = Debug|Any CPU
		{5CD22A7D-7B06-47DF-9561-A853BDFE9E92}.Debug|x64.ActiveCfg = Debug|Any CPU
		{5CD22A7D-7B06-47DF-9561-A853BDFE9E92}.Debug|x64.Build.0 = Debug|Any CPU
		{5CD22A7D-7B06-47DF-9561-A853BDFE9E92}.Debug|x86.ActiveCfg = Debug|Any CPU
		{5CD22A7D-7B06-47DF-9561-A853BDFE9E92}.Debug|x86.Build.0 = Debug|Any CPU
		{5CD22A7D-7B06-47DF-9561-A853BDFE9E92}.Release|Any CPU.ActiveCfg = Release|Any CPU
		{5CD22A7D-7B06-47DF-9561-A853BDFE9E92}.Release|Any CPU.Build.0 = Release|Any CPU
		{5CD22A7D-7B06-47DF-9561-A853BDFE9E92}.Release|x64.ActiveCfg = Release|Any CPU
		{5CD22A7D-7B06-47DF-9561-A853BDFE9E92}.Release|x64.Build.0 = Release|Any CPU
		{5CD22A7D-7B06-47DF-9561-A853BDFE9E92}.Release|x86.ActiveCfg = Release|Any CPU
		{5CD22A7D-7B06-47DF-9561-A853BDFE9E92}.Release|x86.Build.0 = Release|Any CPU
		{BF7E84DB-9696-466A-92D0-CAE871D006E7}.Debug|Any CPU.ActiveCfg = Debug|Any CPU
		{BF7E84DB-9696-466A-92D0-CAE871D006E7}.Debug|Any CPU.Build.0 = Debug|Any CPU
		{BF7E84DB-9696-466A-92D0-CAE871D006E7}.Debug|x64.ActiveCfg = Debug|x64
		{BF7E84DB-9696-466A-92D0-CAE871D006E7}.Debug|x64.Build.0 = Debug|x64
		{BF7E84DB-9696-466A-92D0-CAE871D006E7}.Debug|x86.ActiveCfg = Debug|Any CPU
		{BF7E84DB-9696-466A-92D0-CAE871D006E7}.Debug|x86.Build.0 = Debug|Any CPU
		{BF7E84DB-9696-466A-92D0-CAE871D006E7}.Release|Any CPU.ActiveCfg = Release|Any CPU
		{BF7E84DB-9696-466A-92D0-CAE871D006E7}.Release|Any CPU.Build.0 = Release|Any CPU
		{BF7E84DB-9696-466A-92D0-CAE871D006E7}.Release|x64.ActiveCfg = Release|x64
		{BF7E84DB-9696-466A-92D0-CAE871D006E7}.Release|x64.Build.0 = Release|x64
		{BF7E84DB-9696-466A-92D0-CAE871D006E7}.Release|x86.ActiveCfg = Release|Any CPU
		{BF7E84DB-9696-466A-92D0-CAE871D006E7}.Release|x86.Build.0 = Release|Any CPU
		{12044681-AC74-498F-BC52-2B70DE7370C0}.Debug|Any CPU.ActiveCfg = Debug|Win32
		{12044681-AC74-498F-BC52-2B70DE7370C0}.Debug|x64.ActiveCfg = Debug|x64
		{12044681-AC74-498F-BC52-2B70DE7370C0}.Debug|x64.Build.0 = Debug|x64
		{12044681-AC74-498F-BC52-2B70DE7370C0}.Debug|x86.ActiveCfg = Debug|Win32
		{12044681-AC74-498F-BC52-2B70DE7370C0}.Debug|x86.Build.0 = Debug|Win32
		{12044681-AC74-498F-BC52-2B70DE7370C0}.Release|Any CPU.ActiveCfg = Release|Win32
		{12044681-AC74-498F-BC52-2B70DE7370C0}.Release|x64.ActiveCfg = Release|x64
		{12044681-AC74-498F-BC52-2B70DE7370C0}.Release|x64.Build.0 = Release|x64
		{12044681-AC74-498F-BC52-2B70DE7370C0}.Release|x86.ActiveCfg = Release|Win32
		{12044681-AC74-498F-BC52-2B70DE7370C0}.Release|x86.Build.0 = Release|Win32
		{8B215A28-AFE8-49DF-B730-78279BF325A2}.Debug|Any CPU.ActiveCfg = Debug|Any CPU
		{8B215A28-AFE8-49DF-B730-78279BF325A2}.Debug|Any CPU.Build.0 = Debug|Any CPU
		{8B215A28-AFE8-49DF-B730-78279BF325A2}.Debug|x64.ActiveCfg = Debug|Any CPU
		{8B215A28-AFE8-49DF-B730-78279BF325A2}.Debug|x64.Build.0 = Debug|Any CPU
		{8B215A28-AFE8-49DF-B730-78279BF325A2}.Debug|x86.ActiveCfg = Debug|Any CPU
		{8B215A28-AFE8-49DF-B730-78279BF325A2}.Debug|x86.Build.0 = Debug|Any CPU
		{8B215A28-AFE8-49DF-B730-78279BF325A2}.Release|Any CPU.ActiveCfg = Release|Any CPU
		{8B215A28-AFE8-49DF-B730-78279BF325A2}.Release|Any CPU.Build.0 = Release|Any CPU
		{8B215A28-AFE8-49DF-B730-78279BF325A2}.Release|x64.ActiveCfg = Release|Any CPU
		{8B215A28-AFE8-49DF-B730-78279BF325A2}.Release|x64.Build.0 = Release|Any CPU
		{8B215A28-AFE8-49DF-B730-78279BF325A2}.Release|x86.ActiveCfg = Release|Any CPU
		{8B215A28-AFE8-49DF-B730-78279BF325A2}.Release|x86.Build.0 = Release|Any CPU
		{3F4D8B29-3DA3-4CD4-9E55-DA3B91B4A2D1}.Debug|Any CPU.ActiveCfg = Debug|Any CPU
		{3F4D8B29-3DA3-4CD4-9E55-DA3B91B4A2D1}.Debug|Any CPU.Build.0 = Debug|Any CPU
		{3F4D8B29-3DA3-4CD4-9E55-DA3B91B4A2D1}.Debug|x64.ActiveCfg = Debug|Any CPU
		{3F4D8B29-3DA3-4CD4-9E55-DA3B91B4A2D1}.Debug|x64.Build.0 = Debug|Any CPU
		{3F4D8B29-3DA3-4CD4-9E55-DA3B91B4A2D1}.Debug|x86.ActiveCfg = Debug|Any CPU
		{3F4D8B29-3DA3-4CD4-9E55-DA3B91B4A2D1}.Debug|x86.Build.0 = Debug|Any CPU
		{3F4D8B29-3DA3-4CD4-9E55-DA3B91B4A2D1}.Release|Any CPU.ActiveCfg = Release|Any CPU
		{3F4D8B29-3DA3-4CD4-9E55-DA3B91B4A2D1}.Release|Any CPU.Build.0 = Release|Any CPU
		{3F4D8B29-3DA3-4CD4-9E55-DA3B91B4A2D1}.Release|x64.ActiveCfg = Release|Any CPU
		{3F4D8B29-3DA3-4CD4-9E55-DA3B91B4A2D1}.Release|x64.Build.0 = Release|Any CPU
		{3F4D8B29-3DA3-4CD4-9E55-DA3B91B4A2D1}.Release|x86.ActiveCfg = Release|Any CPU
		{3F4D8B29-3DA3-4CD4-9E55-DA3B91B4A2D1}.Release|x86.Build.0 = Release|Any CPU
	EndGlobalSection
	GlobalSection(SolutionProperties) = preSolution
		HideSolutionNode = FALSE
	EndGlobalSection
	GlobalSection(ExtensibilityGlobals) = postSolution
		SolutionGuid = {800256B5-A935-4FB8-B929-9CBC43BAAE06}
	EndGlobalSection
EndGlobal
